// !$*UTF8*$!
{
	archiveVersion = 1;
	classes = {
	};
	objectVersion = 50;
	objects = {

/* Begin PBXBuildFile section */
		4CBD7421212FA27E001FAB14 /* AppDelegate.swift in Sources */ = {isa = PBXBuildFile; fileRef = 4CBD7420212FA27E001FAB14 /* AppDelegate.swift */; };
		4CBD7426212FA27E001FAB14 /* Main.storyboard in Resources */ = {isa = PBXBuildFile; fileRef = 4CBD7424212FA27E001FAB14 /* Main.storyboard */; };
		4CBD7429212FA27E001FAB14 /* Expenses.xcdatamodeld in Sources */ = {isa = PBXBuildFile; fileRef = 4CBD7427212FA27E001FAB14 /* Expenses.xcdatamodeld */; };
		4CBD742B212FA27F001FAB14 /* Assets.xcassets in Resources */ = {isa = PBXBuildFile; fileRef = 4CBD742A212FA27F001FAB14 /* Assets.xcassets */; };
		4CBD742E212FA27F001FAB14 /* LaunchScreen.storyboard in Resources */ = {isa = PBXBuildFile; fileRef = 4CBD742C212FA27F001FAB14 /* LaunchScreen.storyboard */; };
		4CBD7439212FA280001FAB14 /* ExpensesUITests.swift in Sources */ = {isa = PBXBuildFile; fileRef = 4CBD7438212FA280001FAB14 /* ExpensesUITests.swift */; };
		4CBD7446212FA4BC001FAB14 /* ExpensesViewController.swift in Sources */ = {isa = PBXBuildFile; fileRef = 4CBD7445212FA4BC001FAB14 /* ExpensesViewController.swift */; };
		4CBD7448212FAC0E001FAB14 /* ExpenseTableViewCell.swift in Sources */ = {isa = PBXBuildFile; fileRef = 4CBD7447212FAC0E001FAB14 /* ExpenseTableViewCell.swift */; };
		4CBD744C212FB867001FAB14 /* Expenses.swift in Sources */ = {isa = PBXBuildFile; fileRef = 4CBD744B212FB867001FAB14 /* Expenses.swift */; };
/* End PBXBuildFile section */

/* Begin PBXContainerItemProxy section */
		4CBD7435212FA280001FAB14 /* PBXContainerItemProxy */ = {
			isa = PBXContainerItemProxy;
			containerPortal = 4CBD7415212FA27E001FAB14 /* Project object */;
			proxyType = 1;
			remoteGlobalIDString = 4CBD741C212FA27E001FAB14;
			remoteInfo = Expenses;
		};
/* End PBXContainerItemProxy section */

/* Begin PBXFileReference section */
		4CBD741D212FA27E001FAB14 /* Expenses.app */ = {isa = PBXFileReference; explicitFileType = wrapper.application; includeInIndex = 0; path = Expenses.app; sourceTree = BUILT_PRODUCTS_DIR; };
		4CBD7420212FA27E001FAB14 /* AppDelegate.swift */ = {isa = PBXFileReference; lastKnownFileType = sourcecode.swift; path = AppDelegate.swift; sourceTree = "<group>"; };
		4CBD7425212FA27E001FAB14 /* Base */ = {isa = PBXFileReference; lastKnownFileType = file.storyboard; name = Base; path = Base.lproj/Main.storyboard; sourceTree = "<group>"; };
		4CBD7428212FA27E001FAB14 /* Expenses.xcdatamodel */ = {isa = PBXFileReference; lastKnownFileType = wrapper.xcdatamodel; path = Expenses.xcdatamodel; sourceTree = "<group>"; };
		4CBD742A212FA27F001FAB14 /* Assets.xcassets */ = {isa = PBXFileReference; lastKnownFileType = folder.assetcatalog; path = Assets.xcassets; sourceTree = "<group>"; };
		4CBD742D212FA27F001FAB14 /* Base */ = {isa = PBXFileReference; lastKnownFileType = file.storyboard; name = Base; path = Base.lproj/LaunchScreen.storyboard; sourceTree = "<group>"; };
		4CBD742F212FA27F001FAB14 /* Info.plist */ = {isa = PBXFileReference; lastKnownFileType = text.plist.xml; path = Info.plist; sourceTree = "<group>"; };
		4CBD7434212FA280001FAB14 /* ExpensesUITests.xctest */ = {isa = PBXFileReference; explicitFileType = wrapper.cfbundle; includeInIndex = 0; path = ExpensesUITests.xctest; sourceTree = BUILT_PRODUCTS_DIR; };
		4CBD7438212FA280001FAB14 /* ExpensesUITests.swift */ = {isa = PBXFileReference; lastKnownFileType = sourcecode.swift; path = ExpensesUITests.swift; sourceTree = "<group>"; };
		4CBD743A212FA280001FAB14 /* Info.plist */ = {isa = PBXFileReference; lastKnownFileType = text.plist.xml; path = Info.plist; sourceTree = "<group>"; };
		4CBD7445212FA4BC001FAB14 /* ExpensesViewController.swift */ = {isa = PBXFileReference; lastKnownFileType = sourcecode.swift; path = ExpensesViewController.swift; sourceTree = "<group>"; };
		4CBD7447212FAC0E001FAB14 /* ExpenseTableViewCell.swift */ = {isa = PBXFileReference; lastKnownFileType = sourcecode.swift; path = ExpenseTableViewCell.swift; sourceTree = "<group>"; };
		4CBD744B212FB867001FAB14 /* Expenses.swift */ = {isa = PBXFileReference; lastKnownFileType = sourcecode.swift; path = Expenses.swift; sourceTree = "<group>"; };
/* End PBXFileReference section */

/* Begin PBXFrameworksBuildPhase section */
		4CBD741A212FA27E001FAB14 /* Frameworks */ = {
			isa = PBXFrameworksBuildPhase;
			buildActionMask = 2147483647;
			files = (
			);
			runOnlyForDeploymentPostprocessing = 0;
		};
		4CBD7431212FA280001FAB14 /* Frameworks */ = {
			isa = PBXFrameworksBuildPhase;
			buildActionMask = 2147483647;
			files = (
			);
			runOnlyForDeploymentPostprocessing = 0;
		};
/* End PBXFrameworksBuildPhase section */

/* Begin PBXGroup section */
		4CBD7414212FA27E001FAB14 = {
			isa = PBXGroup;
			children = (
				4CBD741F212FA27E001FAB14 /* Expenses */,
				4CBD7437212FA280001FAB14 /* ExpensesUITests */,
				4CBD741E212FA27E001FAB14 /* Products */,
			);
			sourceTree = "<group>";
		};
		4CBD741E212FA27E001FAB14 /* Products */ = {
			isa = PBXGroup;
			children = (
				4CBD741D212FA27E001FAB14 /* Expenses.app */,
				4CBD7434212FA280001FAB14 /* ExpensesUITests.xctest */,
			);
			name = Products;
			sourceTree = "<group>";
		};
		4CBD741F212FA27E001FAB14 /* Expenses */ = {
			isa = PBXGroup;
			children = (
				4CBD7420212FA27E001FAB14 /* AppDelegate.swift */,
				4CBD7424212FA27E001FAB14 /* Main.storyboard */,
				4CBD7445212FA4BC001FAB14 /* ExpensesViewController.swift */,
				4CBD7447212FAC0E001FAB14 /* ExpenseTableViewCell.swift */,
				4CBD742A212FA27F001FAB14 /* Assets.xcassets */,
				4CBD742C212FA27F001FAB14 /* LaunchScreen.storyboard */,
				4CBD742F212FA27F001FAB14 /* Info.plist */,
				4CBD7427212FA27E001FAB14 /* Expenses.xcdatamodeld */,
				4CBD744B212FB867001FAB14 /* Expenses.swift */,
			);
			path = Expenses;
			sourceTree = "<group>";
		};
		4CBD7437212FA280001FAB14 /* ExpensesUITests */ = {
			isa = PBXGroup;
			children = (
				4CBD7438212FA280001FAB14 /* ExpensesUITests.swift */,
				4CBD743A212FA280001FAB14 /* Info.plist */,
			);
			path = ExpensesUITests;
			sourceTree = "<group>";
		};
/* End PBXGroup section */

/* Begin PBXNativeTarget section */
		4CBD741C212FA27E001FAB14 /* Expenses */ = {
			isa = PBXNativeTarget;
			buildConfigurationList = 4CBD743D212FA280001FAB14 /* Build configuration list for PBXNativeTarget "Expenses" */;
			buildPhases = (
				4CBD7419212FA27E001FAB14 /* Sources */,
				4CBD741A212FA27E001FAB14 /* Frameworks */,
				4CBD741B212FA27E001FAB14 /* Resources */,
			);
			buildRules = (
			);
			dependencies = (
			);
			name = Expenses;
			productName = Expenses;
			productReference = 4CBD741D212FA27E001FAB14 /* Expenses.app */;
			productType = "com.apple.product-type.application";
		};
		4CBD7433212FA280001FAB14 /* ExpensesUITests */ = {
			isa = PBXNativeTarget;
			buildConfigurationList = 4CBD7440212FA280001FAB14 /* Build configuration list for PBXNativeTarget "ExpensesUITests" */;
			buildPhases = (
				4CBD7430212FA280001FAB14 /* Sources */,
				4CBD7431212FA280001FAB14 /* Frameworks */,
				4CBD7432212FA280001FAB14 /* Resources */,
			);
			buildRules = (
			);
			dependencies = (
				4CBD7436212FA280001FAB14 /* PBXTargetDependency */,
			);
			name = ExpensesUITests;
			productName = ExpensesUITests;
			productReference = 4CBD7434212FA280001FAB14 /* ExpensesUITests.xctest */;
			productType = "com.apple.product-type.bundle.ui-testing";
		};
/* End PBXNativeTarget section */

/* Begin PBXProject section */
		4CBD7415212FA27E001FAB14 /* Project object */ = {
			isa = PBXProject;
			attributes = {
				LastSwiftUpdateCheck = 0940;
				LastUpgradeCheck = 0940;
				ORGANIZATIONNAME = "Jessica Sellers";
				TargetAttributes = {
					4CBD741C212FA27E001FAB14 = {
						CreatedOnToolsVersion = 9.4.1;
					};
					4CBD7433212FA280001FAB14 = {
						CreatedOnToolsVersion = 9.4.1;
						TestTargetID = 4CBD741C212FA27E001FAB14;
					};
				};
			};
			buildConfigurationList = 4CBD7418212FA27E001FAB14 /* Build configuration list for PBXProject "Expenses" */;
			compatibilityVersion = "Xcode 9.3";
			developmentRegion = en;
			hasScannedForEncodings = 0;
			knownRegions = (
				en,
				Base,
			);
			mainGroup = 4CBD7414212FA27E001FAB14;
			productRefGroup = 4CBD741E212FA27E001FAB14 /* Products */;
			projectDirPath = "";
			projectRoot = "";
			targets = (
				4CBD741C212FA27E001FAB14 /* Expenses */,
				4CBD7433212FA280001FAB14 /* ExpensesUITests */,
			);
		};
/* End PBXProject section */

/* Begin PBXResourcesBuildPhase section */
		4CBD741B212FA27E001FAB14 /* Resources */ = {
			isa = PBXResourcesBuildPhase;
			buildActionMask = 2147483647;
			files = (
				4CBD742E212FA27F001FAB14 /* LaunchScreen.storyboard in Resources */,
				4CBD742B212FA27F001FAB14 /* Assets.xcassets in Resources */,
				4CBD7426212FA27E001FAB14 /* Main.storyboard in Resources */,
			);
			runOnlyForDeploymentPostprocessing = 0;
		};
		4CBD7432212FA280001FAB14 /* Resources */ = {
			isa = PBXResourcesBuildPhase;
			buildActionMask = 2147483647;
			files = (
			);
			runOnlyForDeploymentPostprocessing = 0;
		};
/* End PBXResourcesBuildPhase section */

/* Begin PBXSourcesBuildPhase section */
		4CBD7419212FA27E001FAB14 /* Sources */ = {
			isa = PBXSourcesBuildPhase;
			buildActionMask = 2147483647;
			files = (
				4CBD744C212FB867001FAB14 /* Expenses.swift in Sources */,
				4CBD7448212FAC0E001FAB14 /* ExpenseTableViewCell.swift in Sources */,
				4CBD7429212FA27E001FAB14 /* Expenses.xcdatamodeld in Sources */,
				4CBD7446212FA4BC001FAB14 /* ExpensesViewController.swift in Sources */,
				4CBD7421212FA27E001FAB14 /* AppDelegate.swift in Sources */,
			);
			runOnlyForDeploymentPostprocessing = 0;
		};
		4CBD7430212FA280001FAB14 /* Sources */ = {
			isa = PBXSourcesBuildPhase;
			buildActionMask = 2147483647;
			files = (
				4CBD7439212FA280001FAB14 /* ExpensesUITests.swift in Sources */,
			);
			runOnlyForDeploymentPostprocessing = 0;
		};
/* End PBXSourcesBuildPhase section */

/* Begin PBXTargetDependency section */
		4CBD7436212FA280001FAB14 /* PBXTargetDependency */ = {
			isa = PBXTargetDependency;
			target = 4CBD741C212FA27E001FAB14 /* Expenses */;
			targetProxy = 4CBD7435212FA280001FAB14 /* PBXContainerItemProxy */;
		};
/* End PBXTargetDependency section */

/* Begin PBXVariantGroup section */
		4CBD7424212FA27E001FAB14 /* Main.storyboard */ = {
			isa = PBXVariantGroup;
			children = (
				4CBD7425212FA27E001FAB14 /* Base */,
			);
			name = Main.storyboard;
			sourceTree = "<group>";
		};
		4CBD742C212FA27F001FAB14 /* LaunchScreen.storyboard */ = {
			isa = PBXVariantGroup;
			children = (
				4CBD742D212FA27F001FAB14 /* Base */,
			);
			name = LaunchScreen.storyboard;
			sourceTree = "<group>";
		};
/* End PBXVariantGroup section */

/* Begin XCBuildConfiguration section */
		4CBD743B212FA280001FAB14 /* Debug */ = {
			isa = XCBuildConfiguration;
			buildSettings = {
				ALWAYS_SEARCH_USER_PATHS = NO;
				CLANG_ANALYZER_NONNULL = YES;
				CLANG_ANALYZER_NUMBER_OBJECT_CONVERSION = YES_AGGRESSIVE;
				CLANG_CXX_LANGUAGE_STANDARD = "gnu++14";
				CLANG_CXX_LIBRARY = "libc++";
				CLANG_ENABLE_MODULES = YES;
				CLANG_ENABLE_OBJC_ARC = YES;
				CLANG_ENABLE_OBJC_WEAK = YES;
				CLANG_WARN_BLOCK_CAPTURE_AUTORELEASING = YES;
				CLANG_WARN_BOOL_CONVERSION = YES;
				CLANG_WARN_COMMA = YES;
				CLANG_WARN_CONSTANT_CONVERSION = YES;
				CLANG_WARN_DEPRECATED_OBJC_IMPLEMENTATIONS = YES;
				CLANG_WARN_DIRECT_OBJC_ISA_USAGE = YES_ERROR;
				CLANG_WARN_DOCUMENTATION_COMMENTS = YES;
				CLANG_WARN_EMPTY_BODY = YES;
				CLANG_WARN_ENUM_CONVERSION = YES;
				CLANG_WARN_INFINITE_RECURSION = YES;
				CLANG_WARN_INT_CONVERSION = YES;
				CLANG_WARN_NON_LITERAL_NULL_CONVERSION = YES;
				CLANG_WARN_OBJC_IMPLICIT_RETAIN_SELF = YES;
				CLANG_WARN_OBJC_LITERAL_CONVERSION = YES;
				CLANG_WARN_OBJC_ROOT_CLASS = YES_ERROR;
				CLANG_WARN_RANGE_LOOP_ANALYSIS = YES;
				CLANG_WARN_STRICT_PROTOTYPES = YES;
				CLANG_WARN_SUSPICIOUS_MOVE = YES;
				CLANG_WARN_UNGUARDED_AVAILABILITY = YES_AGGRESSIVE;
				CLANG_WARN_UNREACHABLE_CODE = YES;
				CLANG_WARN__DUPLICATE_METHOD_MATCH = YES;
				CODE_SIGN_IDENTITY = "iPhone Developer";
				COPY_PHASE_STRIP = NO;
				DEBUG_INFORMATION_FORMAT = dwarf;
				ENABLE_STRICT_OBJC_MSGSEND = YES;
				ENABLE_TESTABILITY = YES;
				GCC_C_LANGUAGE_STANDARD = gnu11;
				GCC_DYNAMIC_NO_PIC = NO;
				GCC_NO_COMMON_BLOCKS = YES;
				GCC_OPTIMIZATION_LEVEL = 0;
				GCC_PREPROCESSOR_DEFINITIONS = (
					"DEBUG=1",
					"$(inherited)",
				);
				GCC_WARN_64_TO_32_BIT_CONVERSION = YES;
				GCC_WARN_ABOUT_RETURN_TYPE = YES_ERROR;
				GCC_WARN_UNDECLARED_SELECTOR = YES;
				GCC_WARN_UNINITIALIZED_AUTOS = YES_AGGRESSIVE;
				GCC_WARN_UNUSED_FUNCTION = YES;
				GCC_WARN_UNUSED_VARIABLE = YES;
				IPHONEOS_DEPLOYMENT_TARGET = 11.4;
				MTL_ENABLE_DEBUG_INFO = YES;
				ONLY_ACTIVE_ARCH = YES;
				SDKROOT = iphoneos;
				SWIFT_ACTIVE_COMPILATION_CONDITIONS = DEBUG;
				SWIFT_OPTIMIZATION_LEVEL = "-Onone";
			};
			name = Debug;
		};
		4CBD743C212FA280001FAB14 /* Release */ = {
			isa = XCBuildConfiguration;
			buildSettings = {
				ALWAYS_SEARCH_USER_PATHS = NO;
				CLANG_ANALYZER_NONNULL = YES;
				CLANG_ANALYZER_NUMBER_OBJECT_CONVERSION = YES_AGGRESSIVE;
				CLANG_CXX_LANGUAGE_STANDARD = "gnu++14";
				CLANG_CXX_LIBRARY = "libc++";
				CLANG_ENABLE_MODULES = YES;
				CLANG_ENABLE_OBJC_ARC = YES;
				CLANG_ENABLE_OBJC_WEAK = YES;
				CLANG_WARN_BLOCK_CAPTURE_AUTORELEASING = YES;
				CLANG_WARN_BOOL_CONVERSION = YES;
				CLANG_WARN_COMMA = YES;
				CLANG_WARN_CONSTANT_CONVERSION = YES;
				CLANG_WARN_DEPRECATED_OBJC_IMPLEMENTATIONS = YES;
				CLANG_WARN_DIRECT_OBJC_ISA_USAGE = YES_ERROR;
				CLANG_WARN_DOCUMENTATION_COMMENTS = YES;
				CLANG_WARN_EMPTY_BODY = YES;
				CLANG_WARN_ENUM_CONVERSION = YES;
				CLANG_WARN_INFINITE_RECURSION = YES;
				CLANG_WARN_INT_CONVERSION = YES;
				CLANG_WARN_NON_LITERAL_NULL_CONVERSION = YES;
				CLANG_WARN_OBJC_IMPLICIT_RETAIN_SELF = YES;
				CLANG_WARN_OBJC_LITERAL_CONVERSION = YES;
				CLANG_WARN_OBJC_ROOT_CLASS = YES_ERROR;
				CLANG_WARN_RANGE_LOOP_ANALYSIS = YES;
				CLANG_WARN_STRICT_PROTOTYPES = YES;
				CLANG_WARN_SUSPICIOUS_MOVE = YES;
				CLANG_WARN_UNGUARDED_AVAILABILITY = YES_AGGRESSIVE;
				CLANG_WARN_UNREACHABLE_CODE = YES;
				CLANG_WARN__DUPLICATE_METHOD_MATCH = YES;
				CODE_SIGN_IDENTITY = "iPhone Developer";
				COPY_PHASE_STRIP = NO;
				DEBUG_INFORMATION_FORMAT = "dwarf-with-dsym";
				ENABLE_NS_ASSERTIONS = NO;
				ENABLE_STRICT_OBJC_MSGSEND = YES;
				GCC_C_LANGUAGE_STANDARD = gnu11;
				GCC_NO_COMMON_BLOCKS = YES;
				GCC_WARN_64_TO_32_BIT_CONVERSION = YES;
				GCC_WARN_ABOUT_RETURN_TYPE = YES_ERROR;
				GCC_WARN_UNDECLARED_SELECTOR = YES;
				GCC_WARN_UNINITIALIZED_AUTOS = YES_AGGRESSIVE;
				GCC_WARN_UNUSED_FUNCTION = YES;
				GCC_WARN_UNUSED_VARIABLE = YES;
				IPHONEOS_DEPLOYMENT_TARGET = 11.4;
				MTL_ENABLE_DEBUG_INFO = NO;
				SDKROOT = iphoneos;
				SWIFT_COMPILATION_MODE = wholemodule;
				SWIFT_OPTIMIZATION_LEVEL = "-O";
				VALIDATE_PRODUCT = YES;
			};
			name = Release;
		};
		4CBD743E212FA280001FAB14 /* Debug */ = {
			isa = XCBuildConfiguration;
			buildSettings = {
				ASSETCATALOG_COMPILER_APPICON_NAME = AppIcon;
				CODE_SIGN_STYLE = Automatic;
				INFOPLIST_FILE = Expenses/Info.plist;
				LD_RUNPATH_SEARCH_PATHS = (
					"$(inherited)",
					"@executable_path/Frameworks",
				);
				PRODUCT_BUNDLE_IDENTIFIER = jswx5.Expenses;
				PRODUCT_NAME = "$(TARGET_NAME)";
				SWIFT_VERSION = 4.0;
				TARGETED_DEVICE_FAMILY = "1,2";
			};
			name = Debug;
		};
		4CBD743F212FA280001FAB14 /* Release */ = {
			isa = XCBuildConfiguration;
			buildSettings = {
				ASSETCATALOG_COMPILER_APPICON_NAME = AppIcon;
				CODE_SIGN_STYLE = Automatic;
				INFOPLIST_FILE = Expenses/Info.plist;
				LD_RUNPATH_SEARCH_PATHS = (
					"$(inherited)",
					"@executable_path/Frameworks",
				);
				PRODUCT_BUNDLE_IDENTIFIER = jswx5.Expenses;
				PRODUCT_NAME = "$(TARGET_NAME)";
				SWIFT_VERSION = 4.0;
				TARGETED_DEVICE_FAMILY = "1,2";
			};
			name = Release;
		};
		4CBD7441212FA280001FAB14 /* Debug */ = {
			isa = XCBuildConfiguration;
			buildSettings = {
				ALWAYS_EMBED_SWIFT_STANDARD_LIBRARIES = YES;
				CODE_SIGN_STYLE = Automatic;
				INFOPLIST_FILE = ExpensesUITests/Info.plist;
				LD_RUNPATH_SEARCH_PATHS = (
					"$(inherited)",
					"@executable_path/Frameworks",
					"@loader_path/Frameworks",
				);
				PRODUCT_BUNDLE_IDENTIFIER = jswx5.ExpensesUITests;
				PRODUCT_NAME = "$(TARGET_NAME)";
				SWIFT_VERSION = 4.0;
				TARGETED_DEVICE_FAMILY = "1,2";
				TEST_TARGET_NAME = Expenses;
			};
			name = Debug;
		};
		4CBD7442212FA280001FAB14 /* Release */ = {
			isa = XCBuildConfiguration;
			buildSettings = {
				ALWAYS_EMBED_SWIFT_STANDARD_LIBRARIES = YES;
				CODE_SIGN_STYLE = Automatic;
				INFOPLIST_FILE = ExpensesUITests/Info.plist;
				LD_RUNPATH_SEARCH_PATHS = (
					"$(inherited)",
					"@executable_path/Frameworks",
					"@loader_path/Frameworks",
				);
				PRODUCT_BUNDLE_IDENTIFIER = jswx5.ExpensesUITests;
				PRODUCT_NAME = "$(TARGET_NAME)";
				SWIFT_VERSION = 4.0;
				TARGETED_DEVICE_FAMILY = "1,2";
				TEST_TARGET_NAME = Expenses;
			};
			name = Release;
		};
/* End XCBuildConfiguration section */

/* Begin XCConfigurationList section */
		4CBD7418212FA27E001FAB14 /* Build configuration list for PBXProject "Expenses" */ = {
			isa = XCConfigurationList;
			buildConfigurations = (
				4CBD743B212FA280001FAB14 /* Debug */,
				4CBD743C212FA280001FAB14 /* Release */,
			);
			defaultConfigurationIsVisible = 0;
			defaultConfigurationName = Release;
		};
		4CBD743D212FA280001FAB14 /* Build configuration list for PBXNativeTarget "Expenses" */ = {
			isa = XCConfigurationList;
			buildConfigurations = (
				4CBD743E212FA280001FAB14 /* Debug */,
				4CBD743F212FA280001FAB14 /* Release */,
			);
			defaultConfigurationIsVisible = 0;
			defaultConfigurationName = Release;
		};
		4CBD7440212FA280001FAB14 /* Build configuration list for PBXNativeTarget "ExpensesUITests" */ = {
			isa = XCConfigurationList;
			buildConfigurations = (
				4CBD7441212FA280001FAB14 /* Debug */,
				4CBD7442212FA280001FAB14 /* Release */,
			);
			defaultConfigurationIsVisible = 0;
			defaultConfigurationName = Release;
		};
/* End XCConfigurationList section */

/* Begin XCVersionGroup section */
		4CBD7427212FA27E001FAB14 /* Expenses.xcdatamodeld */ = {
			isa = XCVersionGroup;
			children = (
				4CBD7428212FA27E001FAB14 /* Expenses.xcdatamodel */,
			);
			currentVersion = 4CBD7428212FA27E001FAB14 /* Expenses.xcdatamodel */;
			path = Expenses.xcdatamodeld;
			sourceTree = "<group>";
			versionGroupType = wrapper.xcdatamodel;
		};
/* End XCVersionGroup section */
	};
	rootObject = 4CBD7415212FA27E001FAB14 /* Project object */;
}
